
Microsoft Visual Studio Solution File, Format Version 12.00
# Visual Studio 15
VisualStudioVersion = 15.0.26430.16
MinimumVisualStudioVersion = 10.0.40219.1
Project("{FAE04EC0-301F-11D3-BF4B-00C04F79EFBC}") = "ModelLib", "ModelLib\ModelLib.csproj", "{360B1F0A-1582-4979-91F0-E323B0B65E2C}"
EndProject
Project("{FAE04EC0-301F-11D3-BF4B-00C04F79EFBC}") = "ViewModelLib", "ViewModelLib\ViewModelLib.csproj", "{1606EC93-34CA-4F3C-B703-B388B8A56AC6}"
EndProject
Project("{FAE04EC0-301F-11D3-BF4B-00C04F79EFBC}") = "ViewLib", "ViewLib\ViewLib.csproj", "{EC7CAA89-CE12-41C9-AA61-238C5E8B55C6}"
EndProject
Project("{2150E333-8FDC-42A3-9474-1A3956D46DE8}") = "Models", "Models", "{D0780791-A6A4-4E64-ADEA-E1F308B912E7}"
EndProject
Project("{FAE04EC0-301F-11D3-BF4B-00C04F79EFBC}") = "DatabaseModelLib", "DatabaseModelLib\DatabaseModelLib.csproj", "{5D765243-DB53-4E4A-9101-881A4024B3B5}"
EndProject
Project("{FAE04EC0-301F-11D3-BF4B-00C04F79EFBC}") = "SqlDatabaseModelLib", "SqlDatabaseModelLib\SqlDatabaseModelLib.csproj", "{42A08CD2-8118-4990-A7C7-CF66CC9A887E}"
EndProject
Project("{FAE04EC0-301F-11D3-BF4B-00C04F79EFBC}") = "MySqlDatabaseModelLib", "MySqlDatabaseModelLib\MySqlDatabaseModelLib.csproj", "{E03CEA8A-01B6-4562-9350-BAB66B676078}"
EndProject
Project("{FAE04EC0-301F-11D3-BF4B-00C04F79EFBC}") = "SqlCEDatabaseModelLib", "SqlCEDatabaseModelLib\SqlCEDatabaseModelLib.csproj", "{6584BAA0-35C4-41C1-AF54-599403ACDADB}"
EndProject
Project("{FAE04EC0-301F-11D3-BF4B-00C04F79EFBC}") = "DatabaseUpgraderLib", "DatabaseUpgraderLib\DatabaseUpgraderLib.csproj", "{DAB4CCAA-92DE-4D6C-912C-E561D2321252}"
EndProject
Project("{2150E333-8FDC-42A3-9474-1A3956D46DE8}") = "ViewModels", "ViewModels", "{5B211DB4-DA23-484B-B376-241DAC4E571D}"
EndProject
Project("{FAE04EC0-301F-11D3-BF4B-00C04F79EFBC}") = "DatabaseViewModelLib", "DatabaseViewModelLib\DatabaseViewModelLib.csproj", "{1FD96E06-A9B1-4DA4-94A6-E35862C4A778}"
EndProject
Project("{FAE04EC0-301F-11D3-BF4B-00C04F79EFBC}") = "DatabaseModelListTest", "DatabaseModelListTest\DatabaseModelListTest.csproj", "{A142CB2E-A52C-4D7A-BC24-93F4E4C7C58E}"
EndProject
Project("{FAE04EC0-301F-11D3-BF4B-00C04F79EFBC}") = "SqlDatabaseUpgraderLib", "SqlDatabaseUpgraderLib\SqlDatabaseUpgraderLib.csproj", "{A164740F-0AF7-4B05-912A-8A356B1FF21E}"
EndProject
Project("{FAE04EC0-301F-11D3-BF4B-00C04F79EFBC}") = "MySqlDatabaseUpgraderLib", "MySqlDatabaseUpgraderLib\MySqlDatabaseUpgraderLib.csproj", "{7E693D65-AC15-41CE-8747-E89722896112}"
EndProject
Project("{FAE04EC0-301F-11D3-BF4B-00C04F79EFBC}") = "SqlCEDatabaseUpgraderLib", "SqlCEDatabaseUpgraderLib\SqlCEDatabaseUpgraderLib.csproj", "{49E2D1DC-3F40-42BC-8DCB-C94C6FCAF598}"
EndProject
Global
	GlobalSection(SolutionConfigurationPlatforms) = preSolution
		Debug|Any CPU = Debug|Any CPU
		Release|Any CPU = Release|Any CPU
	EndGlobalSection
	GlobalSection(ProjectConfigurationPlatforms) = postSolution
		{360B1F0A-1582-4979-91F0-E323B0B65E2C}.Debug|Any CPU.ActiveCfg = Debug|Any CPU
		{360B1F0A-1582-4979-91F0-E323B0B65E2C}.Debug|Any CPU.Build.0 = Debug|Any CPU
		{360B1F0A-1582-4979-91F0-E323B0B65E2C}.Release|Any CPU.ActiveCfg = Release|Any CPU
		{360B1F0A-1582-4979-91F0-E323B0B65E2C}.Release|Any CPU.Build.0 = Release|Any CPU
		{1606EC93-34CA-4F3C-B703-B388B8A56AC6}.Debug|Any CPU.ActiveCfg = Debug|Any CPU
		{1606EC93-34CA-4F3C-B703-B388B8A56AC6}.Debug|Any CPU.Build.0 = Debug|Any CPU
		{1606EC93-34CA-4F3C-B703-B388B8A56AC6}.Release|Any CPU.ActiveCfg = Release|Any CPU
		{1606EC93-34CA-4F3C-B703-B388B8A56AC6}.Release|Any CPU.Build.0 = Release|Any CPU
		{EC7CAA89-CE12-41C9-AA61-238C5E8B55C6}.Debug|Any CPU.ActiveCfg = Debug|Any CPU
		{EC7CAA89-CE12-41C9-AA61-238C5E8B55C6}.Debug|Any CPU.Build.0 = Debug|Any CPU
		{EC7CAA89-CE12-41C9-AA61-238C5E8B55C6}.Release|Any CPU.ActiveCfg = Release|Any CPU
		{EC7CAA89-CE12-41C9-AA61-238C5E8B55C6}.Release|Any CPU.Build.0 = Release|Any CPU
		{5D765243-DB53-4E4A-9101-881A4024B3B5}.Debug|Any CPU.ActiveCfg = Debug|Any CPU
		{5D765243-DB53-4E4A-9101-881A4024B3B5}.Debug|Any CPU.Build.0 = Debug|Any CPU
		{5D765243-DB53-4E4A-9101-881A4024B3B5}.Release|Any CPU.ActiveCfg = Release|Any CPU
		{5D765243-DB53-4E4A-9101-881A4024B3B5}.Release|Any CPU.Build.0 = Release|Any CPU
		{42A08CD2-8118-4990-A7C7-CF66CC9A887E}.Debug|Any CPU.ActiveCfg = Debug|Any CPU
		{42A08CD2-8118-4990-A7C7-CF66CC9A887E}.Debug|Any CPU.Build.0 = Debug|Any CPU
		{42A08CD2-8118-4990-A7C7-CF66CC9A887E}.Release|Any CPU.ActiveCfg = Release|Any CPU
		{42A08CD2-8118-4990-A7C7-CF66CC9A887E}.Release|Any CPU.Build.0 = Release|Any CPU
		{E03CEA8A-01B6-4562-9350-BAB66B676078}.Debug|Any CPU.ActiveCfg = Debug|Any CPU
		{E03CEA8A-01B6-4562-9350-BAB66B676078}.Debug|Any CPU.Build.0 = Debug|Any CPU
		{E03CEA8A-01B6-4562-9350-BAB66B676078}.Release|Any CPU.ActiveCfg = Release|Any CPU
		{E03CEA8A-01B6-4562-9350-BAB66B676078}.Release|Any CPU.Build.0 = Release|Any CPU
		{6584BAA0-35C4-41C1-AF54-599403ACDADB}.Debug|Any CPU.ActiveCfg = Debug|Any CPU
		{6584BAA0-35C4-41C1-AF54-599403ACDADB}.Debug|Any CPU.Build.0 = Debug|Any CPU
		{6584BAA0-35C4-41C1-AF54-599403ACDADB}.Release|Any CPU.ActiveCfg = Release|Any CPU
		{6584BAA0-35C4-41C1-AF54-599403ACDADB}.Release|Any CPU.Build.0 = Release|Any CPU
		{DAB4CCAA-92DE-4D6C-912C-E561D2321252}.Debug|Any CPU.ActiveCfg = Debug|Any CPU
		{DAB4CCAA-92DE-4D6C-912C-E561D2321252}.Debug|Any CPU.Build.0 = Debug|Any CPU
		{DAB4CCAA-92DE-4D6C-912C-E561D2321252}.Release|Any CPU.ActiveCfg = Release|Any CPU
		{DAB4CCAA-92DE-4D6C-912C-E561D2321252}.Release|Any CPU.Build.0 = Release|Any CPU
		{1FD96E06-A9B1-4DA4-94A6-E35862C4A778}.Debug|Any CPU.ActiveCfg = Debug|Any CPU
		{1FD96E06-A9B1-4DA4-94A6-E35862C4A778}.Debug|Any CPU.Build.0 = Debug|Any CPU
		{1FD96E06-A9B1-4DA4-94A6-E35862C4A778}.Release|Any CPU.ActiveCfg = Release|Any CPU
		{1FD96E06-A9B1-4DA4-94A6-E35862C4A778}.Release|Any CPU.Build.0 = Release|Any CPU
		{A142CB2E-A52C-4D7A-BC24-93F4E4C7C58E}.Debug|Any CPU.ActiveCfg = Debug|Any CPU
		{A142CB2E-A52C-4D7A-BC24-93F4E4C7C58E}.Debug|Any CPU.Build.0 = Debug|Any CPU
		{A142CB2E-A52C-4D7A-BC24-93F4E4C7C58E}.Release|Any CPU.ActiveCfg = Release|Any CPU
		{A142CB2E-A52C-4D7A-BC24-93F4E4C7C58E}.Release|Any CPU.Build.0 = Release|Any CPU
		{A164740F-0AF7-4B05-912A-8A356B1FF21E}.Debug|Any CPU.ActiveCfg = Debug|Any CPU
		{A164740F-0AF7-4B05-912A-8A356B1FF21E}.Debug|Any CPU.Build.0 = Debug|Any CPU
		{A164740F-0AF7-4B05-912A-8A356B1FF21E}.Release|Any CPU.ActiveCfg = Release|Any CPU
		{A164740F-0AF7-4B05-912A-8A356B1FF21E}.Release|Any CPU.Build.0 = Release|Any CPU
		{7E693D65-AC15-41CE-8747-E89722896112}.Debug|Any CPU.ActiveCfg = Debug|Any CPU
		{7E693D65-AC15-41CE-8747-E89722896112}.Debug|Any CPU.Build.0 = Debug|Any CPU
		{7E693D65-AC15-41CE-8747-E89722896112}.Release|Any CPU.ActiveCfg = Release|Any CPU
		{7E693D65-AC15-41CE-8747-E89722896112}.Release|Any CPU.Build.0 = Release|Any CPU
		{49E2D1DC-3F40-42BC-8DCB-C94C6FCAF598}.Debug|Any CPU.ActiveCfg = Debug|Any CPU
		{49E2D1DC-3F40-42BC-8DCB-C94C6FCAF598}.Debug|Any CPU.Build.0 = Debug|Any CPU
		{49E2D1DC-3F40-42BC-8DCB-C94C6FCAF598}.Release|Any CPU.ActiveCfg = Release|Any CPU
		{49E2D1DC-3F40-42BC-8DCB-C94C6FCAF598}.Release|Any CPU.Build.0 = Release|Any CPU
	EndGlobalSection
	GlobalSection(SolutionProperties) = preSolution
		HideSolutionNode = FALSE
	EndGlobalSection
	GlobalSection(NestedProjects) = preSolution
		{360B1F0A-1582-4979-91F0-E323B0B65E2C} = {D0780791-A6A4-4E64-ADEA-E1F308B912E7}
		{1606EC93-34CA-4F3C-B703-B388B8A56AC6} = {5B211DB4-DA23-484B-B376-241DAC4E571D}
		{5D765243-DB53-4E4A-9101-881A4024B3B5} = {D0780791-A6A4-4E64-ADEA-E1F308B912E7}
		{42A08CD2-8118-4990-A7C7-CF66CC9A887E} = {D0780791-A6A4-4E64-ADEA-E1F308B912E7}
		{E03CEA8A-01B6-4562-9350-BAB66B676078} = {D0780791-A6A4-4E64-ADEA-E1F308B912E7}
		{6584BAA0-35C4-41C1-AF54-599403ACDADB} = {D0780791-A6A4-4E64-ADEA-E1F308B912E7}
		{DAB4CCAA-92DE-4D6C-912C-E561D2321252} = {D0780791-A6A4-4E64-ADEA-E1F308B912E7}
		{1FD96E06-A9B1-4DA4-94A6-E35862C4A778} = {5B211DB4-DA23-484B-B376-241DAC4E571D}
		{A164740F-0AF7-4B05-912A-8A356B1FF21E} = {D0780791-A6A4-4E64-ADEA-E1F308B912E7}
		{7E693D65-AC15-41CE-8747-E89722896112} = {D0780791-A6A4-4E64-ADEA-E1F308B912E7}
		{49E2D1DC-3F40-42BC-8DCB-C94C6FCAF598} = {D0780791-A6A4-4E64-ADEA-E1F308B912E7}
	EndGlobalSection
EndGlobal
